
Microsoft Visual Studio Solution File, Format Version 12.00
# Visual Studio Version 16
VisualStudioVersion = 16.0.28803.452
MinimumVisualStudioVersion = 10.0.40219.1
Project("{8BC9CEB8-8B4A-11D0-8D11-00A0C91BC942}") = "LegendsNeverDie", "LegendsNeverDie\LegendsNeverDie.vcxproj", "{7898A544-66CF-4B98-A7F0-1B284537764C}"
EndProject
Global
	GlobalSection(SolutionConfigurationPlatforms) = preSolution
		Debug|x64 = Debug|x64
		Debug|x86 = Debug|x86
		Release|x64 = Release|x64
		Release|x86 = Release|x86
	EndGlobalSection
	GlobalSection(ProjectConfigurationPlatforms) = postSolution
		{7898A544-66CF-4B98-A7F0-1B284537764C}.Debug|x64.ActiveCfg = Debug|x64
		{7898A544-66CF-4B98-A7F0-1B284537764C}.Debug|x64.Build.0 = Debug|x64
		{7898A544-66CF-4B98-A7F0-1B284537764C}.Debug|x86.ActiveCfg = Debug|Win32
		{7898A544-66CF-4B98-A7F0-1B284537764C}.Debug|x86.Build.0 = Debug|Win32
		{7898A544-66CF-4B98-A7F0-1B284537764C}.Release|x64.ActiveCfg = Release|x64
		{7898A544-66CF-4B98-A7F0-1B284537764C}.Release|x64.Build.0 = Release|x64
		{7898A544-66CF-4B98-A7F0-1B284537764C}.Release|x86.ActiveCfg = Release|Win32
		{7898A544-66CF-4B98-A7F0-1B284537764C}.Release|x86.Build.0 = Release|Win32
	EndGlobalSection
	GlobalSection(SolutionProperties) = preSolution
		HideSolutionNode = FALSE
	EndGlobalSection
	GlobalSection(ExtensibilityGlobals) = postSolution
		SolutionGuid = {FA5B5FCD-6031-4EC9-AF6A-9765B64B26CE}
	EndGlobalSection
EndGlobal
